// !$*UTF8*$!
{
	archiveVersion = 1;
	classes = {
	};
	objectVersion = 50;
	objects = {

/* Begin PBXBuildFile section */
		7F30C0A626E579B10001506F /* AppDelegate.swift in Sources */ = {isa = PBXBuildFile; fileRef = 7F30C0A526E579B10001506F /* AppDelegate.swift */; };
		7F30C0A826E579B10001506F /* SceneDelegate.swift in Sources */ = {isa = PBXBuildFile; fileRef = 7F30C0A726E579B10001506F /* SceneDelegate.swift */; };
		7F30C0AA26E579B10001506F /* ViewController.swift in Sources */ = {isa = PBXBuildFile; fileRef = 7F30C0A926E579B10001506F /* ViewController.swift */; };
		7F30C0AD26E579B10001506F /* Main.storyboard in Resources */ = {isa = PBXBuildFile; fileRef = 7F30C0AB26E579B10001506F /* Main.storyboard */; };
		7F30C0AF26E579B60001506F /* Assets.xcassets in Resources */ = {isa = PBXBuildFile; fileRef = 7F30C0AE26E579B60001506F /* Assets.xcassets */; };
		7F30C0B226E579B60001506F /* LaunchScreen.storyboard in Resources */ = {isa = PBXBuildFile; fileRef = 7F30C0B026E579B60001506F /* LaunchScreen.storyboard */; };
		7F30C0BD26E579B70001506F /* GLSL_001Tests.swift in Sources */ = {isa = PBXBuildFile; fileRef = 7F30C0BC26E579B70001506F /* GLSL_001Tests.swift */; };
		7F30C0C826E579B70001506F /* GLSL_001UITests.swift in Sources */ = {isa = PBXBuildFile; fileRef = 7F30C0C726E579B70001506F /* GLSL_001UITests.swift */; };
		7F30C0D626E57FBE0001506F /* GLView.swift in Sources */ = {isa = PBXBuildFile; fileRef = 7F30C0D526E57FBE0001506F /* GLView.swift */; };
		7F84DFEE26F0306000636E29 /* OpenGLES.framework in Frameworks */ = {isa = PBXBuildFile; fileRef = 7F84DFED26F0306000636E29 /* OpenGLES.framework */; };
		7FAEDA382722535900C57B80 /* GLESUtils.m in Sources */ = {isa = PBXBuildFile; fileRef = 7FAEDA322722535900C57B80 /* GLESUtils.m */; };
		7FAEDA392722535900C57B80 /* GLESMath.c in Sources */ = {isa = PBXBuildFile; fileRef = 7FAEDA342722535900C57B80 /* GLESMath.c */; };
		7FAEDA402722644A00C57B80 /* shaderv.glsl in Resources */ = {isa = PBXBuildFile; fileRef = 7FAEDA3E2722644A00C57B80 /* shaderv.glsl */; };
		7FAEDA412722644B00C57B80 /* shaderf.glsl in Resources */ = {isa = PBXBuildFile; fileRef = 7FAEDA3F2722644A00C57B80 /* shaderf.glsl */; };
/* End PBXBuildFile section */

/* Begin PBXContainerItemProxy section */
		7F30C0B926E579B70001506F /* PBXContainerItemProxy */ = {
			isa = PBXContainerItemProxy;
			containerPortal = 7F30C09A26E579B10001506F /* Project object */;
			proxyType = 1;
			remoteGlobalIDString = 7F30C0A126E579B10001506F;
			remoteInfo = "GLSL-001";
		};
		7F30C0C426E579B70001506F /* PBXContainerItemProxy */ = {
			isa = PBXContainerItemProxy;
			containerPortal = 7F30C09A26E579B10001506F /* Project object */;
			proxyType = 1;
			remoteGlobalIDString = 7F30C0A126E579B10001506F;
			remoteInfo = "GLSL-001";
		};
/* End PBXContainerItemProxy section */

/* Begin PBXFileReference section */
		7F30C0A226E579B10001506F /* GLSL-003.app */ = {isa = PBXFileReference; explicitFileType = wrapper.application; includeInIndex = 0; path = "GLSL-003.app"; sourceTree = BUILT_PRODUCTS_DIR; };
		7F30C0A526E579B10001506F /* AppDelegate.swift */ = {isa = PBXFileReference; lastKnownFileType = sourcecode.swift; path = AppDelegate.swift; sourceTree = "<group>"; };
		7F30C0A726E579B10001506F /* SceneDelegate.swift */ = {isa = PBXFileReference; lastKnownFileType = sourcecode.swift; path = SceneDelegate.swift; sourceTree = "<group>"; };
		7F30C0A926E579B10001506F /* ViewController.swift */ = {isa = PBXFileReference; lastKnownFileType = sourcecode.swift; path = ViewController.swift; sourceTree = "<group>"; };
		7F30C0AC26E579B10001506F /* Base */ = {isa = PBXFileReference; lastKnownFileType = file.storyboard; name = Base; path = Base.lproj/Main.storyboard; sourceTree = "<group>"; };
		7F30C0AE26E579B60001506F /* Assets.xcassets */ = {isa = PBXFileReference; lastKnownFileType = folder.assetcatalog; path = Assets.xcassets; sourceTree = "<group>"; };
		7F30C0B126E579B60001506F /* Base */ = {isa = PBXFileReference; lastKnownFileType = file.storyboard; name = Base; path = Base.lproj/LaunchScreen.storyboard; sourceTree = "<group>"; };
		7F30C0B326E579B60001506F /* Info.plist */ = {isa = PBXFileReference; lastKnownFileType = text.plist.xml; path = Info.plist; sourceTree = "<group>"; };
		7F30C0B826E579B70001506F /* GLSL-003Tests.xctest */ = {isa = PBXFileReference; explicitFileType = wrapper.cfbundle; includeInIndex = 0; path = "GLSL-003Tests.xctest"; sourceTree = BUILT_PRODUCTS_DIR; };
		7F30C0BC26E579B70001506F /* GLSL_001Tests.swift */ = {isa = PBXFileReference; lastKnownFileType = sourcecode.swift; path = GLSL_001Tests.swift; sourceTree = "<group>"; };
		7F30C0BE26E579B70001506F /* Info.plist */ = {isa = PBXFileReference; lastKnownFileType = text.plist.xml; path = Info.plist; sourceTree = "<group>"; };
		7F30C0C326E579B70001506F /* GLSL-003UITests.xctest */ = {isa = PBXFileReference; explicitFileType = wrapper.cfbundle; includeInIndex = 0; path = "GLSL-003UITests.xctest"; sourceTree = BUILT_PRODUCTS_DIR; };
		7F30C0C726E579B70001506F /* GLSL_001UITests.swift */ = {isa = PBXFileReference; lastKnownFileType = sourcecode.swift; path = GLSL_001UITests.swift; sourceTree = "<group>"; };
		7F30C0C926E579B70001506F /* Info.plist */ = {isa = PBXFileReference; lastKnownFileType = text.plist.xml; path = Info.plist; sourceTree = "<group>"; };
		7F30C0D526E57FBE0001506F /* GLView.swift */ = {isa = PBXFileReference; lastKnownFileType = sourcecode.swift; path = GLView.swift; sourceTree = "<group>"; };
		7F84DFED26F0306000636E29 /* OpenGLES.framework */ = {isa = PBXFileReference; lastKnownFileType = wrapper.framework; name = OpenGLES.framework; path = System/Library/Frameworks/OpenGLES.framework; sourceTree = SDKROOT; };
		7FAEDA322722535900C57B80 /* GLESUtils.m */ = {isa = PBXFileReference; fileEncoding = 4; lastKnownFileType = sourcecode.c.objc; path = GLESUtils.m; sourceTree = "<group>"; };
		7FAEDA332722535900C57B80 /* Quaternion.h */ = {isa = PBXFileReference; fileEncoding = 4; lastKnownFileType = sourcecode.c.h; path = Quaternion.h; sourceTree = "<group>"; };
		7FAEDA342722535900C57B80 /* GLESMath.c */ = {isa = PBXFileReference; fileEncoding = 4; lastKnownFileType = sourcecode.c.c; path = GLESMath.c; sourceTree = "<group>"; };
		7FAEDA352722535900C57B80 /* GLESUtils.h */ = {isa = PBXFileReference; fileEncoding = 4; lastKnownFileType = sourcecode.c.h; path = GLESUtils.h; sourceTree = "<group>"; };
		7FAEDA362722535900C57B80 /* Vector.h */ = {isa = PBXFileReference; fileEncoding = 4; lastKnownFileType = sourcecode.c.h; path = Vector.h; sourceTree = "<group>"; };
		7FAEDA372722535900C57B80 /* GLESMath.h */ = {isa = PBXFileReference; fileEncoding = 4; lastKnownFileType = sourcecode.c.h; path = GLESMath.h; sourceTree = "<group>"; };
		7FAEDA3D2722549900C57B80 /* GLSLHeader.h */ = {isa = PBXFileReference; lastKnownFileType = sourcecode.c.h; path = GLSLHeader.h; sourceTree = "<group>"; };
		7FAEDA3E2722644A00C57B80 /* shaderv.glsl */ = {isa = PBXFileReference; fileEncoding = 4; lastKnownFileType = text; path = shaderv.glsl; sourceTree = "<group>"; };
		7FAEDA3F2722644A00C57B80 /* shaderf.glsl */ = {isa = PBXFileReference; fileEncoding = 4; lastKnownFileType = text; path = shaderf.glsl; sourceTree = "<group>"; };
/* End PBXFileReference section */

/* Begin PBXFrameworksBuildPhase section */
		7F30C09F26E579B10001506F /* Frameworks */ = {
			isa = PBXFrameworksBuildPhase;
			buildActionMask = 2147483647;
			files = (
				7F84DFEE26F0306000636E29 /* OpenGLES.framework in Frameworks */,
			);
			runOnlyForDeploymentPostprocessing = 0;
		};
		7F30C0B526E579B70001506F /* Frameworks */ = {
			isa = PBXFrameworksBuildPhase;
			buildActionMask = 2147483647;
			files = (
			);
			runOnlyForDeploymentPostprocessing = 0;
		};
		7F30C0C026E579B70001506F /* Frameworks */ = {
			isa = PBXFrameworksBuildPhase;
			buildActionMask = 2147483647;
			files = (
			);
			runOnlyForDeploymentPostprocessing = 0;
		};
/* End PBXFrameworksBuildPhase section */

/* Begin PBXGroup section */
		7F30C09926E579B10001506F = {
			isa = PBXGroup;
			children = (
				7F30C0A426E579B10001506F /* GLSL-003 */,
				7F30C0BB26E579B70001506F /* GLSL-003Tests */,
				7F30C0C626E579B70001506F /* GLSL-003UITests */,
				7F30C0A326E579B10001506F /* Products */,
				7F84DFEC26F0306000636E29 /* Frameworks */,
			);
			sourceTree = "<group>";
		};
		7F30C0A326E579B10001506F /* Products */ = {
			isa = PBXGroup;
			children = (
				7F30C0A226E579B10001506F /* GLSL-003.app */,
				7F30C0B826E579B70001506F /* GLSL-003Tests.xctest */,
				7F30C0C326E579B70001506F /* GLSL-003UITests.xctest */,
			);
			name = Products;
			sourceTree = "<group>";
		};
		7F30C0A426E579B10001506F /* GLSL-003 */ = {
			isa = PBXGroup;
			children = (
				7FAEDA3F2722644A00C57B80 /* shaderf.glsl */,
				7FAEDA3E2722644A00C57B80 /* shaderv.glsl */,
				7FAEDA312722535900C57B80 /* Utils */,
				7F30C0A526E579B10001506F /* AppDelegate.swift */,
				7F30C0A726E579B10001506F /* SceneDelegate.swift */,
				7F30C0A926E579B10001506F /* ViewController.swift */,
				7F30C0D526E57FBE0001506F /* GLView.swift */,
				7F30C0AB26E579B10001506F /* Main.storyboard */,
				7F30C0AE26E579B60001506F /* Assets.xcassets */,
				7F30C0B026E579B60001506F /* LaunchScreen.storyboard */,
				7F30C0B326E579B60001506F /* Info.plist */,
				7FAEDA3D2722549900C57B80 /* GLSLHeader.h */,
			);
			path = "GLSL-003";
			sourceTree = "<group>";
		};
		7F30C0BB26E579B70001506F /* GLSL-003Tests */ = {
			isa = PBXGroup;
			children = (
				7F30C0BC26E579B70001506F /* GLSL_001Tests.swift */,
				7F30C0BE26E579B70001506F /* Info.plist */,
			);
			path = "GLSL-003Tests";
			sourceTree = "<group>";
		};
		7F30C0C626E579B70001506F /* GLSL-003UITests */ = {
			isa = PBXGroup;
			children = (
				7F30C0C726E579B70001506F /* GLSL_001UITests.swift */,
				7F30C0C926E579B70001506F /* Info.plist */,
			);
			path = "GLSL-003UITests";
			sourceTree = "<group>";
		};
		7F84DFEC26F0306000636E29 /* Frameworks */ = {
			isa = PBXGroup;
			children = (
				7F84DFED26F0306000636E29 /* OpenGLES.framework */,
			);
			name = Frameworks;
			sourceTree = "<group>";
		};
		7FAEDA312722535900C57B80 /* Utils */ = {
			isa = PBXGroup;
			children = (
				7FAEDA322722535900C57B80 /* GLESUtils.m */,
				7FAEDA332722535900C57B80 /* Quaternion.h */,
				7FAEDA342722535900C57B80 /* GLESMath.c */,
				7FAEDA352722535900C57B80 /* GLESUtils.h */,
				7FAEDA362722535900C57B80 /* Vector.h */,
				7FAEDA372722535900C57B80 /* GLESMath.h */,
			);
			path = Utils;
			sourceTree = "<group>";
		};
/* End PBXGroup section */

/* Begin PBXNativeTarget section */
		7F30C0A126E579B10001506F /* GLSL-003 */ = {
			isa = PBXNativeTarget;
			buildConfigurationList = 7F30C0CC26E579B70001506F /* Build configuration list for PBXNativeTarget "GLSL-003" */;
			buildPhases = (
				7F30C09E26E579B10001506F /* Sources */,
				7F30C09F26E579B10001506F /* Frameworks */,
				7F30C0A026E579B10001506F /* Resources */,
			);
			buildRules = (
			);
			dependencies = (
			);
			name = "GLSL-003";
			productName = "GLSL-001";
			productReference = 7F30C0A226E579B10001506F /* GLSL-003.app */;
			productType = "com.apple.product-type.application";
		};
		7F30C0B726E579B70001506F /* GLSL-003Tests */ = {
			isa = PBXNativeTarget;
			buildConfigurationList = 7F30C0CF26E579B70001506F /* Build configuration list for PBXNativeTarget "GLSL-003Tests" */;
			buildPhases = (
				7F30C0B426E579B70001506F /* Sources */,
				7F30C0B526E579B70001506F /* Frameworks */,
				7F30C0B626E579B70001506F /* Resources */,
			);
			buildRules = (
			);
			dependencies = (
				7F30C0BA26E579B70001506F /* PBXTargetDependency */,
			);
			name = "GLSL-003Tests";
			productName = "GLSL-001Tests";
			productReference = 7F30C0B826E579B70001506F /* GLSL-003Tests.xctest */;
			productType = "com.apple.product-type.bundle.unit-test";
		};
		7F30C0C226E579B70001506F /* GLSL-003UITests */ = {
			isa = PBXNativeTarget;
			buildConfigurationList = 7F30C0D226E579B70001506F /* Build configuration list for PBXNativeTarget "GLSL-003UITests" */;
			buildPhases = (
				7F30C0BF26E579B70001506F /* Sources */,
				7F30C0C026E579B70001506F /* Frameworks */,
				7F30C0C126E579B70001506F /* Resources */,
			);
			buildRules = (
			);
			dependencies = (
				7F30C0C526E579B70001506F /* PBXTargetDependency */,
			);
			name = "GLSL-003UITests";
			productName = "GLSL-001UITests";
			productReference = 7F30C0C326E579B70001506F /* GLSL-003UITests.xctest */;
			productType = "com.apple.product-type.bundle.ui-testing";
		};
/* End PBXNativeTarget section */

/* Begin PBXProject section */
		7F30C09A26E579B10001506F /* Project object */ = {
			isa = PBXProject;
			attributes = {
				LastSwiftUpdateCheck = 1250;
				LastUpgradeCheck = 1250;
				TargetAttributes = {
					7F30C0A126E579B10001506F = {
						CreatedOnToolsVersion = 12.5.1;
					};
					7F30C0B726E579B70001506F = {
						CreatedOnToolsVersion = 12.5.1;
						TestTargetID = 7F30C0A126E579B10001506F;
					};
					7F30C0C226E579B70001506F = {
						CreatedOnToolsVersion = 12.5.1;
						TestTargetID = 7F30C0A126E579B10001506F;
					};
				};
			};
			buildConfigurationList = 7F30C09D26E579B10001506F /* Build configuration list for PBXProject "GLSL-003" */;
			compatibilityVersion = "Xcode 9.3";
			developmentRegion = en;
			hasScannedForEncodings = 0;
			knownRegions = (
				en,
				Base,
			);
			mainGroup = 7F30C09926E579B10001506F;
			productRefGroup = 7F30C0A326E579B10001506F /* Products */;
			projectDirPath = "";
			projectRoot = "";
			targets = (
				7F30C0A126E579B10001506F /* GLSL-003 */,
				7F30C0B726E579B70001506F /* GLSL-003Tests */,
				7F30C0C226E579B70001506F /* GLSL-003UITests */,
			);
		};
/* End PBXProject section */

/* Begin PBXResourcesBuildPhase section */
		7F30C0A026E579B10001506F /* Resources */ = {
			isa = PBXResourcesBuildPhase;
			buildActionMask = 2147483647;
			files = (
				7F30C0B226E579B60001506F /* LaunchScreen.storyboard in Resources */,
				7FAEDA402722644A00C57B80 /* shaderv.glsl in Resources */,
				7F30C0AF26E579B60001506F /* Assets.xcassets in Resources */,
				7F30C0AD26E579B10001506F /* Main.storyboard in Resources */,
				7FAEDA412722644B00C57B80 /* shaderf.glsl in Resources */,
			);
			runOnlyForDeploymentPostprocessing = 0;
		};
		7F30C0B626E579B70001506F /* Resources */ = {
			isa = PBXResourcesBuildPhase;
			buildActionMask = 2147483647;
			files = (
			);
			runOnlyForDeploymentPostprocessing = 0;
		};
		7F30C0C126E579B70001506F /* Resources */ = {
			isa = PBXResourcesBuildPhase;
			buildActionMask = 2147483647;
			files = (
			);
			runOnlyForDeploymentPostprocessing = 0;
		};
/* End PBXResourcesBuildPhase section */

/* Begin PBXSourcesBuildPhase section */
		7F30C09E26E579B10001506F /* Sources */ = {
			isa = PBXSourcesBuildPhase;
			buildActionMask = 2147483647;
			files = (
				7F30C0AA26E579B10001506F /* ViewController.swift in Sources */,
				7F30C0D626E57FBE0001506F /* GLView.swift in Sources */,
				7FAEDA382722535900C57B80 /* GLESUtils.m in Sources */,
				7F30C0A626E579B10001506F /* AppDelegate.swift in Sources */,
				7FAEDA392722535900C57B80 /* GLESMath.c in Sources */,
				7F30C0A826E579B10001506F /* SceneDelegate.swift in Sources */,
			);
			runOnlyForDeploymentPostprocessing = 0;
		};
		7F30C0B426E579B70001506F /* Sources */ = {
			isa = PBXSourcesBuildPhase;
			buildActionMask = 2147483647;
			files = (
				7F30C0BD26E579B70001506F /* GLSL_001Tests.swift in Sources */,
			);
			runOnlyForDeploymentPostprocessing = 0;
		};
		7F30C0BF26E579B70001506F /* Sources */ = {
			isa = PBXSourcesBuildPhase;
			buildActionMask = 2147483647;
			files = (
				7F30C0C826E579B70001506F /* GLSL_001UITests.swift in Sources */,
			);
			runOnlyForDeploymentPostprocessing = 0;
		};
/* End PBXSourcesBuildPhase section */

/* Begin PBXTargetDependency section */
		7F30C0BA26E579B70001506F /* PBXTargetDependency */ = {
			isa = PBXTargetDependency;
			target = 7F30C0A126E579B10001506F /* GLSL-003 */;
			targetProxy = 7F30C0B926E579B70001506F /* PBXContainerItemProxy */;
		};
		7F30C0C526E579B70001506F /* PBXTargetDependency */ = {
			isa = PBXTargetDependency;
			target = 7F30C0A126E579B10001506F /* GLSL-003 */;
			targetProxy = 7F30C0C426E579B70001506F /* PBXContainerItemProxy */;
		};
/* End PBXTargetDependency section */

/* Begin PBXVariantGroup section */
		7F30C0AB26E579B10001506F /* Main.storyboard */ = {
			isa = PBXVariantGroup;
			children = (
				7F30C0AC26E579B10001506F /* Base */,
			);
			name = Main.storyboard;
			sourceTree = "<group>";
		};
		7F30C0B026E579B60001506F /* LaunchScreen.storyboard */ = {
			isa = PBXVariantGroup;
			children = (
				7F30C0B126E579B60001506F /* Base */,
			);
			name = LaunchScreen.storyboard;
			sourceTree = "<group>";
		};
/* End PBXVariantGroup section */

/* Begin XCBuildConfiguration section */
		7F30C0CA26E579B70001506F /* Debug */ = {
			isa = XCBuildConfiguration;
			buildSettings = {
				ALWAYS_SEARCH_USER_PATHS = NO;
				CLANG_ANALYZER_NONNULL = YES;
				CLANG_ANALYZER_NUMBER_OBJECT_CONVERSION = YES_AGGRESSIVE;
				CLANG_CXX_LANGUAGE_STANDARD = "gnu++14";
				CLANG_CXX_LIBRARY = "libc++";
				CLANG_ENABLE_MODULES = YES;
				CLANG_ENABLE_OBJC_ARC = YES;
				CLANG_ENABLE_OBJC_WEAK = YES;
				CLANG_WARN_BLOCK_CAPTURE_AUTORELEASING = YES;
				CLANG_WARN_BOOL_CONVERSION = YES;
				CLANG_WARN_COMMA = YES;
				CLANG_WARN_CONSTANT_CONVERSION = YES;
				CLANG_WARN_DEPRECATED_OBJC_IMPLEMENTATIONS = YES;
				CLANG_WARN_DIRECT_OBJC_ISA_USAGE = YES_ERROR;
				CLANG_WARN_DOCUMENTATION_COMMENTS = YES;
				CLANG_WARN_EMPTY_BODY = YES;
				CLANG_WARN_ENUM_CONVERSION = YES;
				CLANG_WARN_INFINITE_RECURSION = YES;
				CLANG_WARN_INT_CONVERSION = YES;
				CLANG_WARN_NON_LITERAL_NULL_CONVERSION = YES;
				CLANG_WARN_OBJC_IMPLICIT_RETAIN_SELF = YES;
				CLANG_WARN_OBJC_LITERAL_CONVERSION = YES;
				CLANG_WARN_OBJC_ROOT_CLASS = YES_ERROR;
				CLANG_WARN_QUOTED_INCLUDE_IN_FRAMEWORK_HEADER = YES;
				CLANG_WARN_RANGE_LOOP_ANALYSIS = YES;
				CLANG_WARN_STRICT_PROTOTYPES = YES;
				CLANG_WARN_SUSPICIOUS_MOVE = YES;
				CLANG_WARN_UNGUARDED_AVAILABILITY = YES_AGGRESSIVE;
				CLANG_WARN_UNREACHABLE_CODE = YES;
				CLANG_WARN__DUPLICATE_METHOD_MATCH = YES;
				COPY_PHASE_STRIP = NO;
				DEBUG_INFORMATION_FORMAT = dwarf;
				ENABLE_STRICT_OBJC_MSGSEND = YES;
				ENABLE_TESTABILITY = YES;
				GCC_C_LANGUAGE_STANDARD = gnu11;
				GCC_DYNAMIC_NO_PIC = NO;
				GCC_NO_COMMON_BLOCKS = YES;
				GCC_OPTIMIZATION_LEVEL = 0;
				GCC_PREPROCESSOR_DEFINITIONS = (
					"DEBUG=1",
					"$(inherited)",
				);
				GCC_WARN_64_TO_32_BIT_CONVERSION = YES;
				GCC_WARN_ABOUT_RETURN_TYPE = YES_ERROR;
				GCC_WARN_UNDECLARED_SELECTOR = YES;
				GCC_WARN_UNINITIALIZED_AUTOS = YES_AGGRESSIVE;
				GCC_WARN_UNUSED_FUNCTION = YES;
				GCC_WARN_UNUSED_VARIABLE = YES;
				IPHONEOS_DEPLOYMENT_TARGET = 14.5;
				MTL_ENABLE_DEBUG_INFO = INCLUDE_SOURCE;
				MTL_FAST_MATH = YES;
				ONLY_ACTIVE_ARCH = YES;
				SDKROOT = iphoneos;
				SWIFT_ACTIVE_COMPILATION_CONDITIONS = DEBUG;
				SWIFT_OPTIMIZATION_LEVEL = "-Onone";
			};
			name = Debug;
		};
		7F30C0CB26E579B70001506F /* Release */ = {
			isa = XCBuildConfiguration;
			buildSettings = {
				ALWAYS_SEARCH_USER_PATHS = NO;
				CLANG_ANALYZER_NONNULL = YES;
				CLANG_ANALYZER_NUMBER_OBJECT_CONVERSION = YES_AGGRESSIVE;
				CLANG_CXX_LANGUAGE_STANDARD = "gnu++14";
				CLANG_CXX_LIBRARY = "libc++";
				CLANG_ENABLE_MODULES = YES;
				CLANG_ENABLE_OBJC_ARC = YES;
				CLANG_ENABLE_OBJC_WEAK = YES;
				CLANG_WARN_BLOCK_CAPTURE_AUTORELEASING = YES;
				CLANG_WARN_BOOL_CONVERSION = YES;
				CLANG_WARN_COMMA = YES;
				CLANG_WARN_CONSTANT_CONVERSION = YES;
				CLANG_WARN_DEPRECATED_OBJC_IMPLEMENTATIONS = YES;
				CLANG_WARN_DIRECT_OBJC_ISA_USAGE = YES_ERROR;
				CLANG_WARN_DOCUMENTATION_COMMENTS = YES;
				CLANG_WARN_EMPTY_BODY = YES;
				CLANG_WARN_ENUM_CONVERSION = YES;
				CLANG_WARN_INFINITE_RECURSION = YES;
				CLANG_WARN_INT_CONVERSION = YES;
				CLANG_WARN_NON_LITERAL_NULL_CONVERSION = YES;
				CLANG_WARN_OBJC_IMPLICIT_RETAIN_SELF = YES;
				CLANG_WARN_OBJC_LITERAL_CONVERSION = YES;
				CLANG_WARN_OBJC_ROOT_CLASS = YES_ERROR;
				CLANG_WARN_QUOTED_INCLUDE_IN_FRAMEWORK_HEADER = YES;
				CLANG_WARN_RANGE_LOOP_ANALYSIS = YES;
				CLANG_WARN_STRICT_PROTOTYPES = YES;
				CLANG_WARN_SUSPICIOUS_MOVE = YES;
				CLANG_WARN_UNGUARDED_AVAILABILITY = YES_AGGRESSIVE;
				CLANG_WARN_UNREACHABLE_CODE = YES;
				CLANG_WARN__DUPLICATE_METHOD_MATCH = YES;
				COPY_PHASE_STRIP = NO;
				DEBUG_INFORMATION_FORMAT = "dwarf-with-dsym";
				ENABLE_NS_ASSERTIONS = NO;
				ENABLE_STRICT_OBJC_MSGSEND = YES;
				GCC_C_LANGUAGE_STANDARD = gnu11;
				GCC_NO_COMMON_BLOCKS = YES;
				GCC_WARN_64_TO_32_BIT_CONVERSION = YES;
				GCC_WARN_ABOUT_RETURN_TYPE = YES_ERROR;
				GCC_WARN_UNDECLARED_SELECTOR = YES;
				GCC_WARN_UNINITIALIZED_AUTOS = YES_AGGRESSIVE;
				GCC_WARN_UNUSED_FUNCTION = YES;
				GCC_WARN_UNUSED_VARIABLE = YES;
				IPHONEOS_DEPLOYMENT_TARGET = 14.5;
				MTL_ENABLE_DEBUG_INFO = NO;
				MTL_FAST_MATH = YES;
				SDKROOT = iphoneos;
				SWIFT_COMPILATION_MODE = wholemodule;
				SWIFT_OPTIMIZATION_LEVEL = "-O";
				VALIDATE_PRODUCT = YES;
			};
			name = Release;
		};
		7F30C0CD26E579B70001506F /* Debug */ = {
			isa = XCBuildConfiguration;
			buildSettings = {
				ASSETCATALOG_COMPILER_APPICON_NAME = AppIcon;
				ASSETCATALOG_COMPILER_GLOBAL_ACCENT_COLOR_NAME = AccentColor;
				CODE_SIGN_STYLE = Automatic;
				INFOPLIST_FILE = "GLSL-003/Info.plist";
				IPHONEOS_DEPLOYMENT_TARGET = 13.0;
				LD_RUNPATH_SEARCH_PATHS = (
					"$(inherited)",
					"@executable_path/Frameworks",
				);
				PRODUCT_BUNDLE_IDENTIFIER = com.king.glsl;
				PRODUCT_NAME = "$(TARGET_NAME)";
				SWIFT_INSTALL_OBJC_HEADER = YES;
				SWIFT_OBJC_BRIDGING_HEADER = "GLSL-003/GLSLHeader.h";
				SWIFT_VERSION = 5.0;
				TARGETED_DEVICE_FAMILY = 1;
			};
			name = Debug;
		};
		7F30C0CE26E579B70001506F /* Release */ = {
			isa = XCBuildConfiguration;
			buildSettings = {
				ASSETCATALOG_COMPILER_APPICON_NAME = AppIcon;
				ASSETCATALOG_COMPILER_GLOBAL_ACCENT_COLOR_NAME = AccentColor;
				CODE_SIGN_STYLE = Automatic;
				INFOPLIST_FILE = "GLSL-003/Info.plist";
				IPHONEOS_DEPLOYMENT_TARGET = 13.0;
				LD_RUNPATH_SEARCH_PATHS = (
					"$(inherited)",
					"@executable_path/Frameworks",
				);
				PRODUCT_BUNDLE_IDENTIFIER = com.king.glsl;
				PRODUCT_NAME = "$(TARGET_NAME)";
				SWIFT_INSTALL_OBJC_HEADER = YES;
				SWIFT_OBJC_BRIDGING_HEADER = "GLSL-003/GLSLHeader.h";
				SWIFT_VERSION = 5.0;
				TARGETED_DEVICE_FAMILY = 1;
			};
			name = Release;
		};
		7F30C0D026E579B70001506F /* Debug */ = {
			isa = XCBuildConfiguration;
			buildSettings = {
				ALWAYS_EMBED_SWIFT_STANDARD_LIBRARIES = YES;
				BUNDLE_LOADER = "$(TEST_HOST)";
				CODE_SIGN_STYLE = Automatic;
				GENERATE_INFOPLIST_FILE = NO;
				INFOPLIST_FILE = "GLSL-003Tests/Info.plist";
				IPHONEOS_DEPLOYMENT_TARGET = 14.5;
				LD_RUNPATH_SEARCH_PATHS = (
					"$(inherited)",
					"@executable_path/Frameworks",
					"@loader_path/Frameworks",
				);
				PRODUCT_BUNDLE_IDENTIFIER = "com.yoon.GLSL-001Tests";
				PRODUCT_NAME = "$(TARGET_NAME)";
				SWIFT_VERSION = 5.0;
				TARGETED_DEVICE_FAMILY = "1,2";
				TEST_HOST = "$(BUILT_PRODUCTS_DIR)/GLSL-003.app/GLSL-003";
			};
			name = Debug;
		};
		7F30C0D126E579B70001506F /* Release */ = {
			isa = XCBuildConfiguration;
			buildSettings = {
				ALWAYS_EMBED_SWIFT_STANDARD_LIBRARIES = YES;
				BUNDLE_LOADER = "$(TEST_HOST)";
				CODE_SIGN_STYLE = Automatic;
				GENERATE_INFOPLIST_FILE = NO;
				INFOPLIST_FILE = "GLSL-003Tests/Info.plist";
				IPHONEOS_DEPLOYMENT_TARGET = 14.5;
				LD_RUNPATH_SEARCH_PATHS = (
					"$(inherited)",
					"@executable_path/Frameworks",
					"@loader_path/Frameworks",
				);
				PRODUCT_BUNDLE_IDENTIFIER = "com.yoon.GLSL-001Tests";
				PRODUCT_NAME = "$(TARGET_NAME)";
				SWIFT_VERSION = 5.0;
				TARGETED_DEVICE_FAMILY = "1,2";
				TEST_HOST = "$(BUILT_PRODUCTS_DIR)/GLSL-003.app/GLSL-003";
			};
			name = Release;
		};
		7F30C0D326E579B70001506F /* Debug */ = {
			isa = XCBuildConfiguration;
			buildSettings = {
				ALWAYS_EMBED_SWIFT_STANDARD_LIBRARIES = YES;
				CODE_SIGN_STYLE = Automatic;
				INFOPLIST_FILE = "GLSL-003UITests/Info.plist";
				LD_RUNPATH_SEARCH_PATHS = (
					"$(inherited)",
					"@executable_path/Frameworks",
					"@loader_path/Frameworks",
				);
				PRODUCT_BUNDLE_IDENTIFIER = "com.yoon.GLSL-001UITests";
				PRODUCT_NAME = "$(TARGET_NAME)";
				SWIFT_VERSION = 5.0;
				TARGETED_DEVICE_FAMILY = "1,2";
				TEST_TARGET_NAME = "GLSL-001";
			};
			name = Debug;
		};
		7F30C0D426E579B70001506F /* Release */ = {
			isa = XCBuildConfiguration;
			buildSettings = {
				ALWAYS_EMBED_SWIFT_STANDARD_LIBRARIES = YES;
				CODE_SIGN_STYLE = Automatic;
				INFOPLIST_FILE = "GLSL-003UITests/Info.plist";
				LD_RUNPATH_SEARCH_PATHS = (
					"$(inherited)",
					"@executable_path/Frameworks",
					"@loader_path/Frameworks",
				);
				PRODUCT_BUNDLE_IDENTIFIER = "com.yoon.GLSL-001UITests";
				PRODUCT_NAME = "$(TARGET_NAME)";
				SWIFT_VERSION = 5.0;
				TARGETED_DEVICE_FAMILY = "1,2";
				TEST_TARGET_NAME = "GLSL-001";
			};
			name = Release;
		};
/* End XCBuildConfiguration section */

/* Begin XCConfigurationList section */
		7F30C09D26E579B10001506F /* Build configuration list for PBXProject "GLSL-003" */ = {
			isa = XCConfigurationList;
			buildConfigurations = (
				7F30C0CA26E579B70001506F /* Debug */,
				7F30C0CB26E579B70001506F /* Release */,
			);
			defaultConfigurationIsVisible = 0;
			defaultConfigurationName = Release;
		};
		7F30C0CC26E579B70001506F /* Build configuration list for PBXNativeTarget "GLSL-003" */ = {
			isa = XCConfigurationList;
			buildConfigurations = (
				7F30C0CD26E579B70001506F /* Debug */,
				7F30C0CE26E579B70001506F /* Release */,
			);
			defaultConfigurationIsVisible = 0;
			defaultConfigurationName = Release;
		};
		7F30C0CF26E579B70001506F /* Build configuration list for PBXNativeTarget "GLSL-003Tests" */ = {
			isa = XCConfigurationList;
			buildConfigurations = (
				7F30C0D026E579B70001506F /* Debug */,
				7F30C0D126E579B70001506F /* Release */,
			);
			defaultConfigurationIsVisible = 0;
			defaultConfigurationName = Release;
		};
		7F30C0D226E579B70001506F /* Build configuration list for PBXNativeTarget "GLSL-003UITests" */ = {
			isa = XCConfigurationList;
			buildConfigurations = (
				7F30C0D326E579B70001506F /* Debug */,
				7F30C0D426E579B70001506F /* Release */,
			);
			defaultConfigurationIsVisible = 0;
			defaultConfigurationName = Release;
		};
/* End XCConfigurationList section */
	};
	rootObject = 7F30C09A26E579B10001506F /* Project object */;
}
