// !$*UTF8*$!
{
	archiveVersion = 1;
	classes = {
	};
	objectVersion = 55;
	objects = {

/* Begin PBXBuildFile section */
		7FE34745272652F100AE454D /* AppDelegate.swift in Sources */ = {isa = PBXBuildFile; fileRef = 7FE34744272652F100AE454D /* AppDelegate.swift */; };
		7FE34747272652F100AE454D /* SceneDelegate.swift in Sources */ = {isa = PBXBuildFile; fileRef = 7FE34746272652F100AE454D /* SceneDelegate.swift */; };
		7FE34749272652F100AE454D /* ViewController.swift in Sources */ = {isa = PBXBuildFile; fileRef = 7FE34748272652F100AE454D /* ViewController.swift */; };
		7FE3474C272652F100AE454D /* Main.storyboard in Resources */ = {isa = PBXBuildFile; fileRef = 7FE3474A272652F100AE454D /* Main.storyboard */; };
		7FE3474E272652FA00AE454D /* Assets.xcassets in Resources */ = {isa = PBXBuildFile; fileRef = 7FE3474D272652FA00AE454D /* Assets.xcassets */; };
		7FE34751272652FA00AE454D /* LaunchScreen.storyboard in Resources */ = {isa = PBXBuildFile; fileRef = 7FE3474F272652FA00AE454D /* LaunchScreen.storyboard */; };
		7FE3475C272652FA00AE454D /* GLKit_001Tests.swift in Sources */ = {isa = PBXBuildFile; fileRef = 7FE3475B272652FA00AE454D /* GLKit_001Tests.swift */; };
		7FE34766272652FA00AE454D /* GLKit_001UITests.swift in Sources */ = {isa = PBXBuildFile; fileRef = 7FE34765272652FA00AE454D /* GLKit_001UITests.swift */; };
		7FE34768272652FA00AE454D /* GLKit_001UITestsLaunchTests.swift in Sources */ = {isa = PBXBuildFile; fileRef = 7FE34767272652FA00AE454D /* GLKit_001UITestsLaunchTests.swift */; };
/* End PBXBuildFile section */

/* Begin PBXContainerItemProxy section */
		7FE34758272652FA00AE454D /* PBXContainerItemProxy */ = {
			isa = PBXContainerItemProxy;
			containerPortal = 7FE34739272652F100AE454D /* Project object */;
			proxyType = 1;
			remoteGlobalIDString = 7FE34740272652F100AE454D;
			remoteInfo = "GLKit-001";
		};
		7FE34762272652FA00AE454D /* PBXContainerItemProxy */ = {
			isa = PBXContainerItemProxy;
			containerPortal = 7FE34739272652F100AE454D /* Project object */;
			proxyType = 1;
			remoteGlobalIDString = 7FE34740272652F100AE454D;
			remoteInfo = "GLKit-001";
		};
/* End PBXContainerItemProxy section */

/* Begin PBXFileReference section */
		7FE34741272652F100AE454D /* GLKit-001.app */ = {isa = PBXFileReference; explicitFileType = wrapper.application; includeInIndex = 0; path = "GLKit-001.app"; sourceTree = BUILT_PRODUCTS_DIR; };
		7FE34744272652F100AE454D /* AppDelegate.swift */ = {isa = PBXFileReference; lastKnownFileType = sourcecode.swift; path = AppDelegate.swift; sourceTree = "<group>"; };
		7FE34746272652F100AE454D /* SceneDelegate.swift */ = {isa = PBXFileReference; lastKnownFileType = sourcecode.swift; path = SceneDelegate.swift; sourceTree = "<group>"; };
		7FE34748272652F100AE454D /* ViewController.swift */ = {isa = PBXFileReference; lastKnownFileType = sourcecode.swift; path = ViewController.swift; sourceTree = "<group>"; };
		7FE3474B272652F100AE454D /* Base */ = {isa = PBXFileReference; lastKnownFileType = file.storyboard; name = Base; path = Base.lproj/Main.storyboard; sourceTree = "<group>"; };
		7FE3474D272652FA00AE454D /* Assets.xcassets */ = {isa = PBXFileReference; lastKnownFileType = folder.assetcatalog; path = Assets.xcassets; sourceTree = "<group>"; };
		7FE34750272652FA00AE454D /* Base */ = {isa = PBXFileReference; lastKnownFileType = file.storyboard; name = Base; path = Base.lproj/LaunchScreen.storyboard; sourceTree = "<group>"; };
		7FE34752272652FA00AE454D /* Info.plist */ = {isa = PBXFileReference; lastKnownFileType = text.plist.xml; path = Info.plist; sourceTree = "<group>"; };
		7FE34757272652FA00AE454D /* GLKit-001Tests.xctest */ = {isa = PBXFileReference; explicitFileType = wrapper.cfbundle; includeInIndex = 0; path = "GLKit-001Tests.xctest"; sourceTree = BUILT_PRODUCTS_DIR; };
		7FE3475B272652FA00AE454D /* GLKit_001Tests.swift */ = {isa = PBXFileReference; lastKnownFileType = sourcecode.swift; path = GLKit_001Tests.swift; sourceTree = "<group>"; };
		7FE34761272652FA00AE454D /* GLKit-001UITests.xctest */ = {isa = PBXFileReference; explicitFileType = wrapper.cfbundle; includeInIndex = 0; path = "GLKit-001UITests.xctest"; sourceTree = BUILT_PRODUCTS_DIR; };
		7FE34765272652FA00AE454D /* GLKit_001UITests.swift */ = {isa = PBXFileReference; lastKnownFileType = sourcecode.swift; path = GLKit_001UITests.swift; sourceTree = "<group>"; };
		7FE34767272652FA00AE454D /* GLKit_001UITestsLaunchTests.swift */ = {isa = PBXFileReference; lastKnownFileType = sourcecode.swift; path = GLKit_001UITestsLaunchTests.swift; sourceTree = "<group>"; };
/* End PBXFileReference section */

/* Begin PBXFrameworksBuildPhase section */
		7FE3473E272652F100AE454D /* Frameworks */ = {
			isa = PBXFrameworksBuildPhase;
			buildActionMask = 2147483647;
			files = (
			);
			runOnlyForDeploymentPostprocessing = 0;
		};
		7FE34754272652FA00AE454D /* Frameworks */ = {
			isa = PBXFrameworksBuildPhase;
			buildActionMask = 2147483647;
			files = (
			);
			runOnlyForDeploymentPostprocessing = 0;
		};
		7FE3475E272652FA00AE454D /* Frameworks */ = {
			isa = PBXFrameworksBuildPhase;
			buildActionMask = 2147483647;
			files = (
			);
			runOnlyForDeploymentPostprocessing = 0;
		};
/* End PBXFrameworksBuildPhase section */

/* Begin PBXGroup section */
		7FE34738272652F100AE454D = {
			isa = PBXGroup;
			children = (
				7FE34743272652F100AE454D /* GLKit-001 */,
				7FE3475A272652FA00AE454D /* GLKit-001Tests */,
				7FE34764272652FA00AE454D /* GLKit-001UITests */,
				7FE34742272652F100AE454D /* Products */,
			);
			sourceTree = "<group>";
		};
		7FE34742272652F100AE454D /* Products */ = {
			isa = PBXGroup;
			children = (
				7FE34741272652F100AE454D /* GLKit-001.app */,
				7FE34757272652FA00AE454D /* GLKit-001Tests.xctest */,
				7FE34761272652FA00AE454D /* GLKit-001UITests.xctest */,
			);
			name = Products;
			sourceTree = "<group>";
		};
		7FE34743272652F100AE454D /* GLKit-001 */ = {
			isa = PBXGroup;
			children = (
				7FE34744272652F100AE454D /* AppDelegate.swift */,
				7FE34746272652F100AE454D /* SceneDelegate.swift */,
				7FE34748272652F100AE454D /* ViewController.swift */,
				7FE3474A272652F100AE454D /* Main.storyboard */,
				7FE3474D272652FA00AE454D /* Assets.xcassets */,
				7FE3474F272652FA00AE454D /* LaunchScreen.storyboard */,
				7FE34752272652FA00AE454D /* Info.plist */,
			);
			path = "GLKit-001";
			sourceTree = "<group>";
		};
		7FE3475A272652FA00AE454D /* GLKit-001Tests */ = {
			isa = PBXGroup;
			children = (
				7FE3475B272652FA00AE454D /* GLKit_001Tests.swift */,
			);
			path = "GLKit-001Tests";
			sourceTree = "<group>";
		};
		7FE34764272652FA00AE454D /* GLKit-001UITests */ = {
			isa = PBXGroup;
			children = (
				7FE34765272652FA00AE454D /* GLKit_001UITests.swift */,
				7FE34767272652FA00AE454D /* GLKit_001UITestsLaunchTests.swift */,
			);
			path = "GLKit-001UITests";
			sourceTree = "<group>";
		};
/* End PBXGroup section */

/* Begin PBXNativeTarget section */
		7FE34740272652F100AE454D /* GLKit-001 */ = {
			isa = PBXNativeTarget;
			buildConfigurationList = 7FE3476B272652FA00AE454D /* Build configuration list for PBXNativeTarget "GLKit-001" */;
			buildPhases = (
				7FE3473D272652F100AE454D /* Sources */,
				7FE3473E272652F100AE454D /* Frameworks */,
				7FE3473F272652F100AE454D /* Resources */,
			);
			buildRules = (
			);
			dependencies = (
			);
			name = "GLKit-001";
			productName = "GLKit-001";
			productReference = 7FE34741272652F100AE454D /* GLKit-001.app */;
			productType = "com.apple.product-type.application";
		};
		7FE34756272652FA00AE454D /* GLKit-001Tests */ = {
			isa = PBXNativeTarget;
			buildConfigurationList = 7FE3476E272652FA00AE454D /* Build configuration list for PBXNativeTarget "GLKit-001Tests" */;
			buildPhases = (
				7FE34753272652FA00AE454D /* Sources */,
				7FE34754272652FA00AE454D /* Frameworks */,
				7FE34755272652FA00AE454D /* Resources */,
			);
			buildRules = (
			);
			dependencies = (
				7FE34759272652FA00AE454D /* PBXTargetDependency */,
			);
			name = "GLKit-001Tests";
			productName = "GLKit-001Tests";
			productReference = 7FE34757272652FA00AE454D /* GLKit-001Tests.xctest */;
			productType = "com.apple.product-type.bundle.unit-test";
		};
		7FE34760272652FA00AE454D /* GLKit-001UITests */ = {
			isa = PBXNativeTarget;
			buildConfigurationList = 7FE34771272652FA00AE454D /* Build configuration list for PBXNativeTarget "GLKit-001UITests" */;
			buildPhases = (
				7FE3475D272652FA00AE454D /* Sources */,
				7FE3475E272652FA00AE454D /* Frameworks */,
				7FE3475F272652FA00AE454D /* Resources */,
			);
			buildRules = (
			);
			dependencies = (
				7FE34763272652FA00AE454D /* PBXTargetDependency */,
			);
			name = "GLKit-001UITests";
			productName = "GLKit-001UITests";
			productReference = 7FE34761272652FA00AE454D /* GLKit-001UITests.xctest */;
			productType = "com.apple.product-type.bundle.ui-testing";
		};
/* End PBXNativeTarget section */

/* Begin PBXProject section */
		7FE34739272652F100AE454D /* Project object */ = {
			isa = PBXProject;
			attributes = {
				BuildIndependentTargetsInParallel = 1;
				LastSwiftUpdateCheck = 1310;
				LastUpgradeCheck = 1310;
				TargetAttributes = {
					7FE34740272652F100AE454D = {
						CreatedOnToolsVersion = 13.1;
					};
					7FE34756272652FA00AE454D = {
						CreatedOnToolsVersion = 13.1;
						TestTargetID = 7FE34740272652F100AE454D;
					};
					7FE34760272652FA00AE454D = {
						CreatedOnToolsVersion = 13.1;
						TestTargetID = 7FE34740272652F100AE454D;
					};
				};
			};
			buildConfigurationList = 7FE3473C272652F100AE454D /* Build configuration list for PBXProject "GLKit-001" */;
			compatibilityVersion = "Xcode 13.0";
			developmentRegion = en;
			hasScannedForEncodings = 0;
			knownRegions = (
				en,
				Base,
			);
			mainGroup = 7FE34738272652F100AE454D;
			productRefGroup = 7FE34742272652F100AE454D /* Products */;
			projectDirPath = "";
			projectRoot = "";
			targets = (
				7FE34740272652F100AE454D /* GLKit-001 */,
				7FE34756272652FA00AE454D /* GLKit-001Tests */,
				7FE34760272652FA00AE454D /* GLKit-001UITests */,
			);
		};
/* End PBXProject section */

/* Begin PBXResourcesBuildPhase section */
		7FE3473F272652F100AE454D /* Resources */ = {
			isa = PBXResourcesBuildPhase;
			buildActionMask = 2147483647;
			files = (
				7FE34751272652FA00AE454D /* LaunchScreen.storyboard in Resources */,
				7FE3474E272652FA00AE454D /* Assets.xcassets in Resources */,
				7FE3474C272652F100AE454D /* Main.storyboard in Resources */,
			);
			runOnlyForDeploymentPostprocessing = 0;
		};
		7FE34755272652FA00AE454D /* Resources */ = {
			isa = PBXResourcesBuildPhase;
			buildActionMask = 2147483647;
			files = (
			);
			runOnlyForDeploymentPostprocessing = 0;
		};
		7FE3475F272652FA00AE454D /* Resources */ = {
			isa = PBXResourcesBuildPhase;
			buildActionMask = 2147483647;
			files = (
			);
			runOnlyForDeploymentPostprocessing = 0;
		};
/* End PBXResourcesBuildPhase section */

/* Begin PBXSourcesBuildPhase section */
		7FE3473D272652F100AE454D /* Sources */ = {
			isa = PBXSourcesBuildPhase;
			buildActionMask = 2147483647;
			files = (
				7FE34749272652F100AE454D /* ViewController.swift in Sources */,
				7FE34745272652F100AE454D /* AppDelegate.swift in Sources */,
				7FE34747272652F100AE454D /* SceneDelegate.swift in Sources */,
			);
			runOnlyForDeploymentPostprocessing = 0;
		};
		7FE34753272652FA00AE454D /* Sources */ = {
			isa = PBXSourcesBuildPhase;
			buildActionMask = 2147483647;
			files = (
				7FE3475C272652FA00AE454D /* GLKit_001Tests.swift in Sources */,
			);
			runOnlyForDeploymentPostprocessing = 0;
		};
		7FE3475D272652FA00AE454D /* Sources */ = {
			isa = PBXSourcesBuildPhase;
			buildActionMask = 2147483647;
			files = (
				7FE34768272652FA00AE454D /* GLKit_001UITestsLaunchTests.swift in Sources */,
				7FE34766272652FA00AE454D /* GLKit_001UITests.swift in Sources */,
			);
			runOnlyForDeploymentPostprocessing = 0;
		};
/* End PBXSourcesBuildPhase section */

/* Begin PBXTargetDependency section */
		7FE34759272652FA00AE454D /* PBXTargetDependency */ = {
			isa = PBXTargetDependency;
			target = 7FE34740272652F100AE454D /* GLKit-001 */;
			targetProxy = 7FE34758272652FA00AE454D /* PBXContainerItemProxy */;
		};
		7FE34763272652FA00AE454D /* PBXTargetDependency */ = {
			isa = PBXTargetDependency;
			target = 7FE34740272652F100AE454D /* GLKit-001 */;
			targetProxy = 7FE34762272652FA00AE454D /* PBXContainerItemProxy */;
		};
/* End PBXTargetDependency section */

/* Begin PBXVariantGroup section */
		7FE3474A272652F100AE454D /* Main.storyboard */ = {
			isa = PBXVariantGroup;
			children = (
				7FE3474B272652F100AE454D /* Base */,
			);
			name = Main.storyboard;
			sourceTree = "<group>";
		};
		7FE3474F272652FA00AE454D /* LaunchScreen.storyboard */ = {
			isa = PBXVariantGroup;
			children = (
				7FE34750272652FA00AE454D /* Base */,
			);
			name = LaunchScreen.storyboard;
			sourceTree = "<group>";
		};
/* End PBXVariantGroup section */

/* Begin XCBuildConfiguration section */
		7FE34769272652FA00AE454D /* Debug */ = {
			isa = XCBuildConfiguration;
			buildSettings = {
				ALWAYS_SEARCH_USER_PATHS = NO;
				CLANG_ANALYZER_NONNULL = YES;
				CLANG_ANALYZER_NUMBER_OBJECT_CONVERSION = YES_AGGRESSIVE;
				CLANG_CXX_LANGUAGE_STANDARD = "gnu++17";
				CLANG_CXX_LIBRARY = "libc++";
				CLANG_ENABLE_MODULES = YES;
				CLANG_ENABLE_OBJC_ARC = YES;
				CLANG_ENABLE_OBJC_WEAK = YES;
				CLANG_WARN_BLOCK_CAPTURE_AUTORELEASING = YES;
				CLANG_WARN_BOOL_CONVERSION = YES;
				CLANG_WARN_COMMA = YES;
				CLANG_WARN_CONSTANT_CONVERSION = YES;
				CLANG_WARN_DEPRECATED_OBJC_IMPLEMENTATIONS = YES;
				CLANG_WARN_DIRECT_OBJC_ISA_USAGE = YES_ERROR;
				CLANG_WARN_DOCUMENTATION_COMMENTS = YES;
				CLANG_WARN_EMPTY_BODY = YES;
				CLANG_WARN_ENUM_CONVERSION = YES;
				CLANG_WARN_INFINITE_RECURSION = YES;
				CLANG_WARN_INT_CONVERSION = YES;
				CLANG_WARN_NON_LITERAL_NULL_CONVERSION = YES;
				CLANG_WARN_OBJC_IMPLICIT_RETAIN_SELF = YES;
				CLANG_WARN_OBJC_LITERAL_CONVERSION = YES;
				CLANG_WARN_OBJC_ROOT_CLASS = YES_ERROR;
				CLANG_WARN_QUOTED_INCLUDE_IN_FRAMEWORK_HEADER = YES;
				CLANG_WARN_RANGE_LOOP_ANALYSIS = YES;
				CLANG_WARN_STRICT_PROTOTYPES = YES;
				CLANG_WARN_SUSPICIOUS_MOVE = YES;
				CLANG_WARN_UNGUARDED_AVAILABILITY = YES_AGGRESSIVE;
				CLANG_WARN_UNREACHABLE_CODE = YES;
				CLANG_WARN__DUPLICATE_METHOD_MATCH = YES;
				COPY_PHASE_STRIP = NO;
				DEBUG_INFORMATION_FORMAT = dwarf;
				ENABLE_STRICT_OBJC_MSGSEND = YES;
				ENABLE_TESTABILITY = YES;
				GCC_C_LANGUAGE_STANDARD = gnu11;
				GCC_DYNAMIC_NO_PIC = NO;
				GCC_NO_COMMON_BLOCKS = YES;
				GCC_OPTIMIZATION_LEVEL = 0;
				GCC_PREPROCESSOR_DEFINITIONS = (
					"DEBUG=1",
					"$(inherited)",
				);
				GCC_WARN_64_TO_32_BIT_CONVERSION = YES;
				GCC_WARN_ABOUT_RETURN_TYPE = YES_ERROR;
				GCC_WARN_UNDECLARED_SELECTOR = YES;
				GCC_WARN_UNINITIALIZED_AUTOS = YES_AGGRESSIVE;
				GCC_WARN_UNUSED_FUNCTION = YES;
				GCC_WARN_UNUSED_VARIABLE = YES;
				IPHONEOS_DEPLOYMENT_TARGET = 15.0;
				MTL_ENABLE_DEBUG_INFO = INCLUDE_SOURCE;
				MTL_FAST_MATH = YES;
				ONLY_ACTIVE_ARCH = YES;
				SDKROOT = iphoneos;
				SWIFT_ACTIVE_COMPILATION_CONDITIONS = DEBUG;
				SWIFT_OPTIMIZATION_LEVEL = "-Onone";
			};
			name = Debug;
		};
		7FE3476A272652FA00AE454D /* Release */ = {
			isa = XCBuildConfiguration;
			buildSettings = {
				ALWAYS_SEARCH_USER_PATHS = NO;
				CLANG_ANALYZER_NONNULL = YES;
				CLANG_ANALYZER_NUMBER_OBJECT_CONVERSION = YES_AGGRESSIVE;
				CLANG_CXX_LANGUAGE_STANDARD = "gnu++17";
				CLANG_CXX_LIBRARY = "libc++";
				CLANG_ENABLE_MODULES = YES;
				CLANG_ENABLE_OBJC_ARC = YES;
				CLANG_ENABLE_OBJC_WEAK = YES;
				CLANG_WARN_BLOCK_CAPTURE_AUTORELEASING = YES;
				CLANG_WARN_BOOL_CONVERSION = YES;
				CLANG_WARN_COMMA = YES;
				CLANG_WARN_CONSTANT_CONVERSION = YES;
				CLANG_WARN_DEPRECATED_OBJC_IMPLEMENTATIONS = YES;
				CLANG_WARN_DIRECT_OBJC_ISA_USAGE = YES_ERROR;
				CLANG_WARN_DOCUMENTATION_COMMENTS = YES;
				CLANG_WARN_EMPTY_BODY = YES;
				CLANG_WARN_ENUM_CONVERSION = YES;
				CLANG_WARN_INFINITE_RECURSION = YES;
				CLANG_WARN_INT_CONVERSION = YES;
				CLANG_WARN_NON_LITERAL_NULL_CONVERSION = YES;
				CLANG_WARN_OBJC_IMPLICIT_RETAIN_SELF = YES;
				CLANG_WARN_OBJC_LITERAL_CONVERSION = YES;
				CLANG_WARN_OBJC_ROOT_CLASS = YES_ERROR;
				CLANG_WARN_QUOTED_INCLUDE_IN_FRAMEWORK_HEADER = YES;
				CLANG_WARN_RANGE_LOOP_ANALYSIS = YES;
				CLANG_WARN_STRICT_PROTOTYPES = YES;
				CLANG_WARN_SUSPICIOUS_MOVE = YES;
				CLANG_WARN_UNGUARDED_AVAILABILITY = YES_AGGRESSIVE;
				CLANG_WARN_UNREACHABLE_CODE = YES;
				CLANG_WARN__DUPLICATE_METHOD_MATCH = YES;
				COPY_PHASE_STRIP = NO;
				DEBUG_INFORMATION_FORMAT = "dwarf-with-dsym";
				ENABLE_NS_ASSERTIONS = NO;
				ENABLE_STRICT_OBJC_MSGSEND = YES;
				GCC_C_LANGUAGE_STANDARD = gnu11;
				GCC_NO_COMMON_BLOCKS = YES;
				GCC_WARN_64_TO_32_BIT_CONVERSION = YES;
				GCC_WARN_ABOUT_RETURN_TYPE = YES_ERROR;
				GCC_WARN_UNDECLARED_SELECTOR = YES;
				GCC_WARN_UNINITIALIZED_AUTOS = YES_AGGRESSIVE;
				GCC_WARN_UNUSED_FUNCTION = YES;
				GCC_WARN_UNUSED_VARIABLE = YES;
				IPHONEOS_DEPLOYMENT_TARGET = 15.0;
				MTL_ENABLE_DEBUG_INFO = NO;
				MTL_FAST_MATH = YES;
				SDKROOT = iphoneos;
				SWIFT_COMPILATION_MODE = wholemodule;
				SWIFT_OPTIMIZATION_LEVEL = "-O";
				VALIDATE_PRODUCT = YES;
			};
			name = Release;
		};
		7FE3476C272652FA00AE454D /* Debug */ = {
			isa = XCBuildConfiguration;
			buildSettings = {
				ASSETCATALOG_COMPILER_APPICON_NAME = AppIcon;
				ASSETCATALOG_COMPILER_GLOBAL_ACCENT_COLOR_NAME = AccentColor;
				CODE_SIGN_STYLE = Automatic;
				CURRENT_PROJECT_VERSION = 1;
				GENERATE_INFOPLIST_FILE = YES;
				INFOPLIST_FILE = "GLKit-001/Info.plist";
				INFOPLIST_KEY_UIApplicationSupportsIndirectInputEvents = YES;
				INFOPLIST_KEY_UILaunchStoryboardName = LaunchScreen;
				INFOPLIST_KEY_UIMainStoryboardFile = Main;
				INFOPLIST_KEY_UISupportedInterfaceOrientations_iPad = "UIInterfaceOrientationPortrait UIInterfaceOrientationPortraitUpsideDown UIInterfaceOrientationLandscapeLeft UIInterfaceOrientationLandscapeRight";
				INFOPLIST_KEY_UISupportedInterfaceOrientations_iPhone = "UIInterfaceOrientationPortrait UIInterfaceOrientationLandscapeLeft UIInterfaceOrientationLandscapeRight";
				IPHONEOS_DEPLOYMENT_TARGET = 13.0;
				LD_RUNPATH_SEARCH_PATHS = (
					"$(inherited)",
					"@executable_path/Frameworks",
				);
				MARKETING_VERSION = 1.0;
				PRODUCT_BUNDLE_IDENTIFIER = "com.yoon.GLKit-001";
				PRODUCT_NAME = "$(TARGET_NAME)";
				SWIFT_EMIT_LOC_STRINGS = YES;
				SWIFT_VERSION = 5.0;
				TARGETED_DEVICE_FAMILY = 1;
			};
			name = Debug;
		};
		7FE3476D272652FA00AE454D /* Release */ = {
			isa = XCBuildConfiguration;
			buildSettings = {
				ASSETCATALOG_COMPILER_APPICON_NAME = AppIcon;
				ASSETCATALOG_COMPILER_GLOBAL_ACCENT_COLOR_NAME = AccentColor;
				CODE_SIGN_STYLE = Automatic;
				CURRENT_PROJECT_VERSION = 1;
				GENERATE_INFOPLIST_FILE = YES;
				INFOPLIST_FILE = "GLKit-001/Info.plist";
				INFOPLIST_KEY_UIApplicationSupportsIndirectInputEvents = YES;
				INFOPLIST_KEY_UILaunchStoryboardName = LaunchScreen;
				INFOPLIST_KEY_UIMainStoryboardFile = Main;
				INFOPLIST_KEY_UISupportedInterfaceOrientations_iPad = "UIInterfaceOrientationPortrait UIInterfaceOrientationPortraitUpsideDown UIInterfaceOrientationLandscapeLeft UIInterfaceOrientationLandscapeRight";
				INFOPLIST_KEY_UISupportedInterfaceOrientations_iPhone = "UIInterfaceOrientationPortrait UIInterfaceOrientationLandscapeLeft UIInterfaceOrientationLandscapeRight";
				IPHONEOS_DEPLOYMENT_TARGET = 13.0;
				LD_RUNPATH_SEARCH_PATHS = (
					"$(inherited)",
					"@executable_path/Frameworks",
				);
				MARKETING_VERSION = 1.0;
				PRODUCT_BUNDLE_IDENTIFIER = "com.yoon.GLKit-001";
				PRODUCT_NAME = "$(TARGET_NAME)";
				SWIFT_EMIT_LOC_STRINGS = YES;
				SWIFT_VERSION = 5.0;
				TARGETED_DEVICE_FAMILY = 1;
			};
			name = Release;
		};
		7FE3476F272652FA00AE454D /* Debug */ = {
			isa = XCBuildConfiguration;
			buildSettings = {
				ALWAYS_EMBED_SWIFT_STANDARD_LIBRARIES = YES;
				BUNDLE_LOADER = "$(TEST_HOST)";
				CODE_SIGN_STYLE = Automatic;
				CURRENT_PROJECT_VERSION = 1;
				GENERATE_INFOPLIST_FILE = YES;
				IPHONEOS_DEPLOYMENT_TARGET = 15.0;
				LD_RUNPATH_SEARCH_PATHS = (
					"$(inherited)",
					"@executable_path/Frameworks",
					"@loader_path/Frameworks",
				);
				MARKETING_VERSION = 1.0;
				PRODUCT_BUNDLE_IDENTIFIER = "com.yoon.GLKit-001Tests";
				PRODUCT_NAME = "$(TARGET_NAME)";
				SWIFT_EMIT_LOC_STRINGS = NO;
				SWIFT_VERSION = 5.0;
				TARGETED_DEVICE_FAMILY = "1,2";
				TEST_HOST = "$(BUILT_PRODUCTS_DIR)/GLKit-001.app/GLKit-001";
			};
			name = Debug;
		};
		7FE34770272652FA00AE454D /* Release */ = {
			isa = XCBuildConfiguration;
			buildSettings = {
				ALWAYS_EMBED_SWIFT_STANDARD_LIBRARIES = YES;
				BUNDLE_LOADER = "$(TEST_HOST)";
				CODE_SIGN_STYLE = Automatic;
				CURRENT_PROJECT_VERSION = 1;
				GENERATE_INFOPLIST_FILE = YES;
				IPHONEOS_DEPLOYMENT_TARGET = 15.0;
				LD_RUNPATH_SEARCH_PATHS = (
					"$(inherited)",
					"@executable_path/Frameworks",
					"@loader_path/Frameworks",
				);
				MARKETING_VERSION = 1.0;
				PRODUCT_BUNDLE_IDENTIFIER = "com.yoon.GLKit-001Tests";
				PRODUCT_NAME = "$(TARGET_NAME)";
				SWIFT_EMIT_LOC_STRINGS = NO;
				SWIFT_VERSION = 5.0;
				TARGETED_DEVICE_FAMILY = "1,2";
				TEST_HOST = "$(BUILT_PRODUCTS_DIR)/GLKit-001.app/GLKit-001";
			};
			name = Release;
		};
		7FE34772272652FA00AE454D /* Debug */ = {
			isa = XCBuildConfiguration;
			buildSettings = {
				ALWAYS_EMBED_SWIFT_STANDARD_LIBRARIES = YES;
				CODE_SIGN_STYLE = Automatic;
				CURRENT_PROJECT_VERSION = 1;
				GENERATE_INFOPLIST_FILE = YES;
				LD_RUNPATH_SEARCH_PATHS = (
					"$(inherited)",
					"@executable_path/Frameworks",
					"@loader_path/Frameworks",
				);
				MARKETING_VERSION = 1.0;
				PRODUCT_BUNDLE_IDENTIFIER = "com.yoon.GLKit-001UITests";
				PRODUCT_NAME = "$(TARGET_NAME)";
				SWIFT_EMIT_LOC_STRINGS = NO;
				SWIFT_VERSION = 5.0;
				TARGETED_DEVICE_FAMILY = "1,2";
				TEST_TARGET_NAME = "GLKit-001";
			};
			name = Debug;
		};
		7FE34773272652FA00AE454D /* Release */ = {
			isa = XCBuildConfiguration;
			buildSettings = {
				ALWAYS_EMBED_SWIFT_STANDARD_LIBRARIES = YES;
				CODE_SIGN_STYLE = Automatic;
				CURRENT_PROJECT_VERSION = 1;
				GENERATE_INFOPLIST_FILE = YES;
				LD_RUNPATH_SEARCH_PATHS = (
					"$(inherited)",
					"@executable_path/Frameworks",
					"@loader_path/Frameworks",
				);
				MARKETING_VERSION = 1.0;
				PRODUCT_BUNDLE_IDENTIFIER = "com.yoon.GLKit-001UITests";
				PRODUCT_NAME = "$(TARGET_NAME)";
				SWIFT_EMIT_LOC_STRINGS = NO;
				SWIFT_VERSION = 5.0;
				TARGETED_DEVICE_FAMILY = "1,2";
				TEST_TARGET_NAME = "GLKit-001";
			};
			name = Release;
		};
/* End XCBuildConfiguration section */

/* Begin XCConfigurationList section */
		7FE3473C272652F100AE454D /* Build configuration list for PBXProject "GLKit-001" */ = {
			isa = XCConfigurationList;
			buildConfigurations = (
				7FE34769272652FA00AE454D /* Debug */,
				7FE3476A272652FA00AE454D /* Release */,
			);
			defaultConfigurationIsVisible = 0;
			defaultConfigurationName = Release;
		};
		7FE3476B272652FA00AE454D /* Build configuration list for PBXNativeTarget "GLKit-001" */ = {
			isa = XCConfigurationList;
			buildConfigurations = (
				7FE3476C272652FA00AE454D /* Debug */,
				7FE3476D272652FA00AE454D /* Release */,
			);
			defaultConfigurationIsVisible = 0;
			defaultConfigurationName = Release;
		};
		7FE3476E272652FA00AE454D /* Build configuration list for PBXNativeTarget "GLKit-001Tests" */ = {
			isa = XCConfigurationList;
			buildConfigurations = (
				7FE3476F272652FA00AE454D /* Debug */,
				7FE34770272652FA00AE454D /* Release */,
			);
			defaultConfigurationIsVisible = 0;
			defaultConfigurationName = Release;
		};
		7FE34771272652FA00AE454D /* Build configuration list for PBXNativeTarget "GLKit-001UITests" */ = {
			isa = XCConfigurationList;
			buildConfigurations = (
				7FE34772272652FA00AE454D /* Debug */,
				7FE34773272652FA00AE454D /* Release */,
			);
			defaultConfigurationIsVisible = 0;
			defaultConfigurationName = Release;
		};
/* End XCConfigurationList section */
	};
	rootObject = 7FE34739272652F100AE454D /* Project object */;
}
